
Microsoft Visual Studio Solution File, Format Version 12.00
# Visual Studio Version 17
VisualStudioVersion = 17.10.35027.167
MinimumVisualStudioVersion = 10.0.40219.1
Project("{FAE04EC0-301F-11D3-BF4B-00C04F79EFBC}") = "WompiRecamier", "WompiRecamier.csproj", "{3A7144EF-1DEA-45E8-B4B4-206A8FEF1A6E}"
EndProject
Global
	GlobalSection(SolutionConfigurationPlatforms) = preSolution
		Debug|Any CPU = Debug|Any CPU
		Release|Any CPU = Release|Any CPU
	EndGlobalSection
	GlobalSection(ProjectConfigurationPlatforms) = postSolution
		{3A7144EF-1DEA-45E8-B4B4-206A8FEF1A6E}.Debug|Any CPU.ActiveCfg = Debug|Any CPU
		{3A7144EF-1DEA-45E8-B4B4-206A8FEF1A6E}.Debug|Any CPU.Build.0 = Debug|Any CPU
		{3A7144EF-1DEA-45E8-B4B4-206A8FEF1A6E}.Release|Any CPU.ActiveCfg = Release|Any CPU
		{3A7144EF-1DEA-45E8-B4B4-206A8FEF1A6E}.Release|Any CPU.Build.0 = Release|Any CPU
	EndGlobalSection
	GlobalSection(SolutionProperties) = preSolution
		HideSolutionNode = FALSE
	EndGlobalSection
	GlobalSection(ExtensibilityGlobals) = postSolution
		SolutionGuid = {A043695A-7A87-4433-A3D1-2ABAFC43C13B}
	EndGlobalSection
EndGlobal
